// !$*UTF8*$!
{
	archiveVersion = 1;
	classes = {
	};
	objectVersion = 56;
	objects = {

/* Begin PBXBuildFile section */
		A2B8E31F2C1BDDDA008A0E5A /* ChordJamApp.swift in Sources */ = {isa = PBXBuildFile; fileRef = A2B8E31E2C1BDDDA008A0E5A /* ChordJamApp.swift */; };
		A2B8E3212C1BDDDA008A0E5A /* ContentView.swift in Sources */ = {isa = PBXBuildFile; fileRef = A2B8E3202C1BDDDA008A0E5A /* ContentView.swift */; };
		A2B8E3232C1BDDDB008A0E5A /* Assets.xcassets in Resources */ = {isa = PBXBuildFile; fileRef = A2B8E3222C1BDDDB008A0E5A /* Assets.xcassets */; };
		A2B8E3262C1BDDDB008A0E5A /* Preview Assets.xcassets in Resources */ = {isa = PBXBuildFile; fileRef = A2B8E3252C1BDDDB008A0E5A /* Preview Assets.xcassets */; };
		A2B8E3302C1BDDDB008A0E5A /* ChordJamTests.swift in Sources */ = {isa = PBXBuildFile; fileRef = A2B8E32F2C1BDDDB008A0E5A /* ChordJamTests.swift */; };
		A2B8E33A2C1BDDDC008A0E5A /* ChordJamUITests.swift in Sources */ = {isa = PBXBuildFile; fileRef = A2B8E3392C1BDDDC008A0E5A /* ChordJamUITests.swift */; };
		A2B8E33C2C1BDDDC008A0E5A /* ChordJamUITestsLaunchTests.swift in Sources */ = {isa = PBXBuildFile; fileRef = A2B8E33B2C1BDDDC008A0E5A /* ChordJamUITestsLaunchTests.swift */; };
/* End PBXBuildFile section */

/* Begin PBXContainerItemProxy section */
		A2B8E32C2C1BDDDB008A0E5A /* PBXContainerItemProxy */ = {
			isa = PBXContainerItemProxy;
			containerPortal = A2B8E3132C1BDDDA008A0E5A /* Project object */;
			proxyType = 1;
			remoteGlobalIDString = A2B8E31A2C1BDDDA008A0E5A;
			remoteInfo = ChordJam;
		};
		A2B8E3362C1BDDDC008A0E5A /* PBXContainerItemProxy */ = {
			isa = PBXContainerItemProxy;
			containerPortal = A2B8E3132C1BDDDA008A0E5A /* Project object */;
			proxyType = 1;
			remoteGlobalIDString = A2B8E31A2C1BDDDA008A0E5A;
			remoteInfo = ChordJam;
		};
/* End PBXContainerItemProxy section */

/* Begin PBXFileReference section */
		A2B8E31B2C1BDDDA008A0E5A /* ChordJam.app */ = {isa = PBXFileReference; explicitFileType = wrapper.application; includeInIndex = 0; path = ChordJam.app; sourceTree = BUILT_PRODUCTS_DIR; };
		A2B8E31E2C1BDDDA008A0E5A /* ChordJamApp.swift */ = {isa = PBXFileReference; lastKnownFileType = sourcecode.swift; path = ChordJamApp.swift; sourceTree = "<group>"; };
		A2B8E3202C1BDDDA008A0E5A /* ContentView.swift */ = {isa = PBXFileReference; lastKnownFileType = sourcecode.swift; path = ContentView.swift; sourceTree = "<group>"; };
		A2B8E3222C1BDDDB008A0E5A /* Assets.xcassets */ = {isa = PBXFileReference; lastKnownFileType = folder.assetcatalog; path = Assets.xcassets; sourceTree = "<group>"; };
		A2B8E3252C1BDDDB008A0E5A /* Preview Assets.xcassets */ = {isa = PBXFileReference; lastKnownFileType = folder.assetcatalog; path = "Preview Assets.xcassets"; sourceTree = "<group>"; };
		A2B8E32B2C1BDDDB008A0E5A /* ChordJamTests.xctest */ = {isa = PBXFileReference; explicitFileType = wrapper.cfbundle; includeInIndex = 0; path = ChordJamTests.xctest; sourceTree = BUILT_PRODUCTS_DIR; };
		A2B8E32F2C1BDDDB008A0E5A /* ChordJamTests.swift */ = {isa = PBXFileReference; lastKnownFileType = sourcecode.swift; path = ChordJamTests.swift; sourceTree = "<group>"; };
		A2B8E3352C1BDDDB008A0E5A /* ChordJamUITests.xctest */ = {isa = PBXFileReference; explicitFileType = wrapper.cfbundle; includeInIndex = 0; path = ChordJamUITests.xctest; sourceTree = BUILT_PRODUCTS_DIR; };
		A2B8E3392C1BDDDC008A0E5A /* ChordJamUITests.swift */ = {isa = PBXFileReference; lastKnownFileType = sourcecode.swift; path = ChordJamUITests.swift; sourceTree = "<group>"; };
		A2B8E33B2C1BDDDC008A0E5A /* ChordJamUITestsLaunchTests.swift */ = {isa = PBXFileReference; lastKnownFileType = sourcecode.swift; path = ChordJamUITestsLaunchTests.swift; sourceTree = "<group>"; };
/* End PBXFileReference section */

/* Begin PBXFrameworksBuildPhase section */
		A2B8E3182C1BDDDA008A0E5A /* Frameworks */ = {
			isa = PBXFrameworksBuildPhase;
			buildActionMask = 2147483647;
			files = (
			);
			runOnlyForDeploymentPostprocessing = 0;
		};
		A2B8E3282C1BDDDB008A0E5A /* Frameworks */ = {
			isa = PBXFrameworksBuildPhase;
			buildActionMask = 2147483647;
			files = (
			);
			runOnlyForDeploymentPostprocessing = 0;
		};
		A2B8E3322C1BDDDB008A0E5A /* Frameworks */ = {
			isa = PBXFrameworksBuildPhase;
			buildActionMask = 2147483647;
			files = (
			);
			runOnlyForDeploymentPostprocessing = 0;
		};
/* End PBXFrameworksBuildPhase section */

/* Begin PBXGroup section */
		A2B8E3122C1BDDDA008A0E5A = {
			isa = PBXGroup;
			children = (
				A2B8E31D2C1BDDDA008A0E5A /* ChordJam */,
				A2B8E32E2C1BDDDB008A0E5A /* ChordJamTests */,
				A2B8E3382C1BDDDC008A0E5A /* ChordJamUITests */,
				A2B8E31C2C1BDDDA008A0E5A /* Products */,
			);
			sourceTree = "<group>";
		};
		A2B8E31C2C1BDDDA008A0E5A /* Products */ = {
			isa = PBXGroup;
			children = (
				A2B8E31B2C1BDDDA008A0E5A /* ChordJam.app */,
				A2B8E32B2C1BDDDB008A0E5A /* ChordJamTests.xctest */,
				A2B8E3352C1BDDDB008A0E5A /* ChordJamUITests.xctest */,
			);
			name = Products;
			sourceTree = "<group>";
		};
		A2B8E31D2C1BDDDA008A0E5A /* ChordJam */ = {
			isa = PBXGroup;
			children = (
				A2B8E31E2C1BDDDA008A0E5A /* ChordJamApp.swift */,
				A2B8E3202C1BDDDA008A0E5A /* ContentView.swift */,
				A2B8E3222C1BDDDB008A0E5A /* Assets.xcassets */,
				A2B8E3242C1BDDDB008A0E5A /* Preview Content */,
			);
			path = ChordJam;
			sourceTree = "<group>";
		};
		A2B8E3242C1BDDDB008A0E5A /* Preview Content */ = {
			isa = PBXGroup;
			children = (
				A2B8E3252C1BDDDB008A0E5A /* Preview Assets.xcassets */,
			);
			path = "Preview Content";
			sourceTree = "<group>";
		};
		A2B8E32E2C1BDDDB008A0E5A /* ChordJamTests */ = {
			isa = PBXGroup;
			children = (
				A2B8E32F2C1BDDDB008A0E5A /* ChordJamTests.swift */,
			);
			path = ChordJamTests;
			sourceTree = "<group>";
		};
		A2B8E3382C1BDDDC008A0E5A /* ChordJamUITests */ = {
			isa = PBXGroup;
			children = (
				A2B8E3392C1BDDDC008A0E5A /* ChordJamUITests.swift */,
				A2B8E33B2C1BDDDC008A0E5A /* ChordJamUITestsLaunchTests.swift */,
			);
			path = ChordJamUITests;
			sourceTree = "<group>";
		};
/* End PBXGroup section */

/* Begin PBXNativeTarget section */
		A2B8E31A2C1BDDDA008A0E5A /* ChordJam */ = {
			isa = PBXNativeTarget;
			buildConfigurationList = A2B8E33F2C1BDDDC008A0E5A /* Build configuration list for PBXNativeTarget "ChordJam" */;
			buildPhases = (
				A2B8E3172C1BDDDA008A0E5A /* Sources */,
				A2B8E3182C1BDDDA008A0E5A /* Frameworks */,
				A2B8E3192C1BDDDA008A0E5A /* Resources */,
			);
			buildRules = (
			);
			dependencies = (
			);
			name = ChordJam;
			productName = ChordJam;
			productReference = A2B8E31B2C1BDDDA008A0E5A /* ChordJam.app */;
			productType = "com.apple.product-type.application";
		};
		A2B8E32A2C1BDDDB008A0E5A /* ChordJamTests */ = {
			isa = PBXNativeTarget;
			buildConfigurationList = A2B8E3422C1BDDDC008A0E5A /* Build configuration list for PBXNativeTarget "ChordJamTests" */;
			buildPhases = (
				A2B8E3272C1BDDDB008A0E5A /* Sources */,
				A2B8E3282C1BDDDB008A0E5A /* Frameworks */,
				A2B8E3292C1BDDDB008A0E5A /* Resources */,
			);
			buildRules = (
			);
			dependencies = (
				A2B8E32D2C1BDDDB008A0E5A /* PBXTargetDependency */,
			);
			name = ChordJamTests;
			productName = ChordJamTests;
			productReference = A2B8E32B2C1BDDDB008A0E5A /* ChordJamTests.xctest */;
			productType = "com.apple.product-type.bundle.unit-test";
		};
		A2B8E3342C1BDDDB008A0E5A /* ChordJamUITests */ = {
			isa = PBXNativeTarget;
			buildConfigurationList = A2B8E3452C1BDDDC008A0E5A /* Build configuration list for PBXNativeTarget "ChordJamUITests" */;
			buildPhases = (
				A2B8E3312C1BDDDB008A0E5A /* Sources */,
				A2B8E3322C1BDDDB008A0E5A /* Frameworks */,
				A2B8E3332C1BDDDB008A0E5A /* Resources */,
			);
			buildRules = (
			);
			dependencies = (
				A2B8E3372C1BDDDC008A0E5A /* PBXTargetDependency */,
			);
			name = ChordJamUITests;
			productName = ChordJamUITests;
			productReference = A2B8E3352C1BDDDB008A0E5A /* ChordJamUITests.xctest */;
			productType = "com.apple.product-type.bundle.ui-testing";
		};
/* End PBXNativeTarget section */

/* Begin PBXProject section */
		A2B8E3132C1BDDDA008A0E5A /* Project object */ = {
			isa = PBXProject;
			attributes = {
				BuildIndependentTargetsInParallel = 1;
				LastSwiftUpdateCheck = 1520;
				LastUpgradeCheck = 1520;
				TargetAttributes = {
					A2B8E31A2C1BDDDA008A0E5A = {
						CreatedOnToolsVersion = 15.2;
					};
					A2B8E32A2C1BDDDB008A0E5A = {
						CreatedOnToolsVersion = 15.2;
						TestTargetID = A2B8E31A2C1BDDDA008A0E5A;
					};
					A2B8E3342C1BDDDB008A0E5A = {
						CreatedOnToolsVersion = 15.2;
						TestTargetID = A2B8E31A2C1BDDDA008A0E5A;
					};
				};
			};
			buildConfigurationList = A2B8E3162C1BDDDA008A0E5A /* Build configuration list for PBXProject "ChordJam" */;
			compatibilityVersion = "Xcode 14.0";
			developmentRegion = en;
			hasScannedForEncodings = 0;
			knownRegions = (
				en,
				Base,
			);
			mainGroup = A2B8E3122C1BDDDA008A0E5A;
			productRefGroup = A2B8E31C2C1BDDDA008A0E5A /* Products */;
			projectDirPath = "";
			projectRoot = "";
			targets = (
				A2B8E31A2C1BDDDA008A0E5A /* ChordJam */,
				A2B8E32A2C1BDDDB008A0E5A /* ChordJamTests */,
				A2B8E3342C1BDDDB008A0E5A /* ChordJamUITests */,
			);
		};
/* End PBXProject section */

/* Begin PBXResourcesBuildPhase section */
		A2B8E3192C1BDDDA008A0E5A /* Resources */ = {
			isa = PBXResourcesBuildPhase;
			buildActionMask = 2147483647;
			files = (
				A2B8E3262C1BDDDB008A0E5A /* Preview Assets.xcassets in Resources */,
				A2B8E3232C1BDDDB008A0E5A /* Assets.xcassets in Resources */,
			);
			runOnlyForDeploymentPostprocessing = 0;
		};
		A2B8E3292C1BDDDB008A0E5A /* Resources */ = {
			isa = PBXResourcesBuildPhase;
			buildActionMask = 2147483647;
			files = (
			);
			runOnlyForDeploymentPostprocessing = 0;
		};
		A2B8E3332C1BDDDB008A0E5A /* Resources */ = {
			isa = PBXResourcesBuildPhase;
			buildActionMask = 2147483647;
			files = (
			);
			runOnlyForDeploymentPostprocessing = 0;
		};
/* End PBXResourcesBuildPhase section */

/* Begin PBXSourcesBuildPhase section */
		A2B8E3172C1BDDDA008A0E5A /* Sources */ = {
			isa = PBXSourcesBuildPhase;
			buildActionMask = 2147483647;
			files = (
				A2B8E3212C1BDDDA008A0E5A /* ContentView.swift in Sources */,
				A2B8E31F2C1BDDDA008A0E5A /* ChordJamApp.swift in Sources */,
			);
			runOnlyForDeploymentPostprocessing = 0;
		};
		A2B8E3272C1BDDDB008A0E5A /* Sources */ = {
			isa = PBXSourcesBuildPhase;
			buildActionMask = 2147483647;
			files = (
				A2B8E3302C1BDDDB008A0E5A /* ChordJamTests.swift in Sources */,
			);
			runOnlyForDeploymentPostprocessing = 0;
		};
		A2B8E3312C1BDDDB008A0E5A /* Sources */ = {
			isa = PBXSourcesBuildPhase;
			buildActionMask = 2147483647;
			files = (
				A2B8E33C2C1BDDDC008A0E5A /* ChordJamUITestsLaunchTests.swift in Sources */,
				A2B8E33A2C1BDDDC008A0E5A /* ChordJamUITests.swift in Sources */,
			);
			runOnlyForDeploymentPostprocessing = 0;
		};
/* End PBXSourcesBuildPhase section */

/* Begin PBXTargetDependency section */
		A2B8E32D2C1BDDDB008A0E5A /* PBXTargetDependency */ = {
			isa = PBXTargetDependency;
			target = A2B8E31A2C1BDDDA008A0E5A /* ChordJam */;
			targetProxy = A2B8E32C2C1BDDDB008A0E5A /* PBXContainerItemProxy */;
		};
		A2B8E3372C1BDDDC008A0E5A /* PBXTargetDependency */ = {
			isa = PBXTargetDependency;
			target = A2B8E31A2C1BDDDA008A0E5A /* ChordJam */;
			targetProxy = A2B8E3362C1BDDDC008A0E5A /* PBXContainerItemProxy */;
		};
/* End PBXTargetDependency section */

/* Begin XCBuildConfiguration section */
		A2B8E33D2C1BDDDC008A0E5A /* Debug */ = {
			isa = XCBuildConfiguration;
			buildSettings = {
				ALWAYS_SEARCH_USER_PATHS = NO;
				ASSETCATALOG_COMPILER_GENERATE_SWIFT_ASSET_SYMBOL_EXTENSIONS = YES;
				CLANG_ANALYZER_NONNULL = YES;
				CLANG_ANALYZER_NUMBER_OBJECT_CONVERSION = YES_AGGRESSIVE;
				CLANG_CXX_LANGUAGE_STANDARD = "gnu++20";
				CLANG_ENABLE_MODULES = YES;
				CLANG_ENABLE_OBJC_ARC = YES;
				CLANG_ENABLE_OBJC_WEAK = YES;
				CLANG_WARN_BLOCK_CAPTURE_AUTORELEASING = YES;
				CLANG_WARN_BOOL_CONVERSION = YES;
				CLANG_WARN_COMMA = YES;
				CLANG_WARN_CONSTANT_CONVERSION = YES;
				CLANG_WARN_DEPRECATED_OBJC_IMPLEMENTATIONS = YES;
				CLANG_WARN_DIRECT_OBJC_ISA_USAGE = YES_ERROR;
				CLANG_WARN_DOCUMENTATION_COMMENTS = YES;
				CLANG_WARN_EMPTY_BODY = YES;
				CLANG_WARN_ENUM_CONVERSION = YES;
				CLANG_WARN_INFINITE_RECURSION = YES;
				CLANG_WARN_INT_CONVERSION = YES;
				CLANG_WARN_NON_LITERAL_NULL_CONVERSION = YES;
				CLANG_WARN_OBJC_IMPLICIT_RETAIN_SELF = YES;
				CLANG_WARN_OBJC_LITERAL_CONVERSION = YES;
				CLANG_WARN_OBJC_ROOT_CLASS = YES_ERROR;
				CLANG_WARN_QUOTED_INCLUDE_IN_FRAMEWORK_HEADER = YES;
				CLANG_WARN_RANGE_LOOP_ANALYSIS = YES;
				CLANG_WARN_STRICT_PROTOTYPES = YES;
				CLANG_WARN_SUSPICIOUS_MOVE = YES;
				CLANG_WARN_UNGUARDED_AVAILABILITY = YES_AGGRESSIVE;
				CLANG_WARN_UNREACHABLE_CODE = YES;
				CLANG_WARN__DUPLICATE_METHOD_MATCH = YES;
				COPY_PHASE_STRIP = NO;
				DEBUG_INFORMATION_FORMAT = dwarf;
				ENABLE_STRICT_OBJC_MSGSEND = YES;
				ENABLE_TESTABILITY = YES;
				ENABLE_USER_SCRIPT_SANDBOXING = YES;
				GCC_C_LANGUAGE_STANDARD = gnu17;
				GCC_DYNAMIC_NO_PIC = NO;
				GCC_NO_COMMON_BLOCKS = YES;
				GCC_OPTIMIZATION_LEVEL = 0;
				GCC_PREPROCESSOR_DEFINITIONS = (
					"DEBUG=1",
					"$(inherited)",
				);
				GCC_WARN_64_TO_32_BIT_CONVERSION = YES;
				GCC_WARN_ABOUT_RETURN_TYPE = YES_ERROR;
				GCC_WARN_UNDECLARED_SELECTOR = YES;
				GCC_WARN_UNINITIALIZED_AUTOS = YES_AGGRESSIVE;
				GCC_WARN_UNUSED_FUNCTION = YES;
				GCC_WARN_UNUSED_VARIABLE = YES;
				IPHONEOS_DEPLOYMENT_TARGET = 17.2;
				LOCALIZATION_PREFERS_STRING_CATALOGS = YES;
				MTL_ENABLE_DEBUG_INFO = INCLUDE_SOURCE;
				MTL_FAST_MATH = YES;
				ONLY_ACTIVE_ARCH = YES;
				SDKROOT = iphoneos;
				SWIFT_ACTIVE_COMPILATION_CONDITIONS = "DEBUG $(inherited)";
				SWIFT_OPTIMIZATION_LEVEL = "-Onone";
			};
			name = Debug;
		};
		A2B8E33E2C1BDDDC008A0E5A /* Release */ = {
			isa = XCBuildConfiguration;
			buildSettings = {
				ALWAYS_SEARCH_USER_PATHS = NO;
				ASSETCATALOG_COMPILER_GENERATE_SWIFT_ASSET_SYMBOL_EXTENSIONS = YES;
				CLANG_ANALYZER_NONNULL = YES;
				CLANG_ANALYZER_NUMBER_OBJECT_CONVERSION = YES_AGGRESSIVE;
				CLANG_CXX_LANGUAGE_STANDARD = "gnu++20";
				CLANG_ENABLE_MODULES = YES;
				CLANG_ENABLE_OBJC_ARC = YES;
				CLANG_ENABLE_OBJC_WEAK = YES;
				CLANG_WARN_BLOCK_CAPTURE_AUTORELEASING = YES;
				CLANG_WARN_BOOL_CONVERSION = YES;
				CLANG_WARN_COMMA = YES;
				CLANG_WARN_CONSTANT_CONVERSION = YES;
				CLANG_WARN_DEPRECATED_OBJC_IMPLEMENTATIONS = YES;
				CLANG_WARN_DIRECT_OBJC_ISA_USAGE = YES_ERROR;
				CLANG_WARN_DOCUMENTATION_COMMENTS = YES;
				CLANG_WARN_EMPTY_BODY = YES;
				CLANG_WARN_ENUM_CONVERSION = YES;
				CLANG_WARN_INFINITE_RECURSION = YES;
				CLANG_WARN_INT_CONVERSION = YES;
				CLANG_WARN_NON_LITERAL_NULL_CONVERSION = YES;
				CLANG_WARN_OBJC_IMPLICIT_RETAIN_SELF = YES;
				CLANG_WARN_OBJC_LITERAL_CONVERSION = YES;
				CLANG_WARN_OBJC_ROOT_CLASS = YES_ERROR;
				CLANG_WARN_QUOTED_INCLUDE_IN_FRAMEWORK_HEADER = YES;
				CLANG_WARN_RANGE_LOOP_ANALYSIS = YES;
				CLANG_WARN_STRICT_PROTOTYPES = YES;
				CLANG_WARN_SUSPICIOUS_MOVE = YES;
				CLANG_WARN_UNGUARDED_AVAILABILITY = YES_AGGRESSIVE;
				CLANG_WARN_UNREACHABLE_CODE = YES;
				CLANG_WARN__DUPLICATE_METHOD_MATCH = YES;
				COPY_PHASE_STRIP = NO;
				DEBUG_INFORMATION_FORMAT = "dwarf-with-dsym";
				ENABLE_NS_ASSERTIONS = NO;
				ENABLE_STRICT_OBJC_MSGSEND = YES;
				ENABLE_USER_SCRIPT_SANDBOXING = YES;
				GCC_C_LANGUAGE_STANDARD = gnu17;
				GCC_NO_COMMON_BLOCKS = YES;
				GCC_WARN_64_TO_32_BIT_CONVERSION = YES;
				GCC_WARN_ABOUT_RETURN_TYPE = YES_ERROR;
				GCC_WARN_UNDECLARED_SELECTOR = YES;
				GCC_WARN_UNINITIALIZED_AUTOS = YES_AGGRESSIVE;
				GCC_WARN_UNUSED_FUNCTION = YES;
				GCC_WARN_UNUSED_VARIABLE = YES;
				IPHONEOS_DEPLOYMENT_TARGET = 17.2;
				LOCALIZATION_PREFERS_STRING_CATALOGS = YES;
				MTL_ENABLE_DEBUG_INFO = NO;
				MTL_FAST_MATH = YES;
				SDKROOT = iphoneos;
				SWIFT_COMPILATION_MODE = wholemodule;
				VALIDATE_PRODUCT = YES;
			};
			name = Release;
		};
		A2B8E3402C1BDDDC008A0E5A /* Debug */ = {
			isa = XCBuildConfiguration;
			buildSettings = {
				ASSETCATALOG_COMPILER_APPICON_NAME = AppIcon;
				ASSETCATALOG_COMPILER_GLOBAL_ACCENT_COLOR_NAME = AccentColor;
				CODE_SIGN_STYLE = Automatic;
				CURRENT_PROJECT_VERSION = 1;
				DEVELOPMENT_ASSET_PATHS = "\"ChordJam/Preview Content\"";
				DEVELOPMENT_TEAM = FTP77G36XW;
				ENABLE_PREVIEWS = YES;
				GENERATE_INFOPLIST_FILE = YES;
				INFOPLIST_KEY_UIApplicationSceneManifest_Generation = YES;
				INFOPLIST_KEY_UIApplicationSupportsIndirectInputEvents = YES;
				INFOPLIST_KEY_UILaunchScreen_Generation = YES;
				INFOPLIST_KEY_UISupportedInterfaceOrientations_iPad = "UIInterfaceOrientationPortrait UIInterfaceOrientationPortraitUpsideDown UIInterfaceOrientationLandscapeLeft UIInterfaceOrientationLandscapeRight";
				INFOPLIST_KEY_UISupportedInterfaceOrientations_iPhone = "UIInterfaceOrientationPortrait UIInterfaceOrientationLandscapeLeft UIInterfaceOrientationLandscapeRight";
				LD_RUNPATH_SEARCH_PATHS = (
					"$(inherited)",
					"@executable_path/Frameworks",
				);
				MARKETING_VERSION = 1.0;
				PRODUCT_BUNDLE_IDENTIFIER = "com.anthony-gufron.ChordJam";
				PRODUCT_NAME = "$(TARGET_NAME)";
				SWIFT_EMIT_LOC_STRINGS = YES;
				SWIFT_VERSION = 5.0;
				TARGETED_DEVICE_FAMILY = "1,2";
			};
			name = Debug;
		};
		A2B8E3412C1BDDDC008A0E5A /* Release */ = {
			isa = XCBuildConfiguration;
			buildSettings = {
				ASSETCATALOG_COMPILER_APPICON_NAME = AppIcon;
				ASSETCATALOG_COMPILER_GLOBAL_ACCENT_COLOR_NAME = AccentColor;
				CODE_SIGN_STYLE = Automatic;
				CURRENT_PROJECT_VERSION = 1;
				DEVELOPMENT_ASSET_PATHS = "\"ChordJam/Preview Content\"";
				DEVELOPMENT_TEAM = FTP77G36XW;
				ENABLE_PREVIEWS = YES;
				GENERATE_INFOPLIST_FILE = YES;
				INFOPLIST_KEY_UIApplicationSceneManifest_Generation = YES;
				INFOPLIST_KEY_UIApplicationSupportsIndirectInputEvents = YES;
				INFOPLIST_KEY_UILaunchScreen_Generation = YES;
				INFOPLIST_KEY_UISupportedInterfaceOrientations_iPad = "UIInterfaceOrientationPortrait UIInterfaceOrientationPortraitUpsideDown UIInterfaceOrientationLandscapeLeft UIInterfaceOrientationLandscapeRight";
				INFOPLIST_KEY_UISupportedInterfaceOrientations_iPhone = "UIInterfaceOrientationPortrait UIInterfaceOrientationLandscapeLeft UIInterfaceOrientationLandscapeRight";
				LD_RUNPATH_SEARCH_PATHS = (
					"$(inherited)",
					"@executable_path/Frameworks",
				);
				MARKETING_VERSION = 1.0;
				PRODUCT_BUNDLE_IDENTIFIER = "com.anthony-gufron.ChordJam";
				PRODUCT_NAME = "$(TARGET_NAME)";
				SWIFT_EMIT_LOC_STRINGS = YES;
				SWIFT_VERSION = 5.0;
				TARGETED_DEVICE_FAMILY = "1,2";
			};
			name = Release;
		};
		A2B8E3432C1BDDDC008A0E5A /* Debug */ = {
			isa = XCBuildConfiguration;
			buildSettings = {
				ALWAYS_EMBED_SWIFT_STANDARD_LIBRARIES = YES;
				BUNDLE_LOADER = "$(TEST_HOST)";
				CODE_SIGN_STYLE = Automatic;
				CURRENT_PROJECT_VERSION = 1;
				DEVELOPMENT_TEAM = FTP77G36XW;
				GENERATE_INFOPLIST_FILE = YES;
				IPHONEOS_DEPLOYMENT_TARGET = 17.2;
				MARKETING_VERSION = 1.0;
				PRODUCT_BUNDLE_IDENTIFIER = "com.anthony-gufron.ChordJamTests";
				PRODUCT_NAME = "$(TARGET_NAME)";
				SWIFT_EMIT_LOC_STRINGS = NO;
				SWIFT_VERSION = 5.0;
				TARGETED_DEVICE_FAMILY = "1,2";
				TEST_HOST = "$(BUILT_PRODUCTS_DIR)/ChordJam.app/$(BUNDLE_EXECUTABLE_FOLDER_PATH)/ChordJam";
			};
			name = Debug;
		};
		A2B8E3442C1BDDDC008A0E5A /* Release */ = {
			isa = XCBuildConfiguration;
			buildSettings = {
				ALWAYS_EMBED_SWIFT_STANDARD_LIBRARIES = YES;
				BUNDLE_LOADER = "$(TEST_HOST)";
				CODE_SIGN_STYLE = Automatic;
				CURRENT_PROJECT_VERSION = 1;
				DEVELOPMENT_TEAM = FTP77G36XW;
				GENERATE_INFOPLIST_FILE = YES;
				IPHONEOS_DEPLOYMENT_TARGET = 17.2;
				MARKETING_VERSION = 1.0;
				PRODUCT_BUNDLE_IDENTIFIER = "com.anthony-gufron.ChordJamTests";
				PRODUCT_NAME = "$(TARGET_NAME)";
				SWIFT_EMIT_LOC_STRINGS = NO;
				SWIFT_VERSION = 5.0;
				TARGETED_DEVICE_FAMILY = "1,2";
				TEST_HOST = "$(BUILT_PRODUCTS_DIR)/ChordJam.app/$(BUNDLE_EXECUTABLE_FOLDER_PATH)/ChordJam";
			};
			name = Release;
		};
		A2B8E3462C1BDDDC008A0E5A /* Debug */ = {
			isa = XCBuildConfiguration;
			buildSettings = {
				ALWAYS_EMBED_SWIFT_STANDARD_LIBRARIES = YES;
				CODE_SIGN_STYLE = Automatic;
				CURRENT_PROJECT_VERSION = 1;
				DEVELOPMENT_TEAM = FTP77G36XW;
				GENERATE_INFOPLIST_FILE = YES;
				MARKETING_VERSION = 1.0;
				PRODUCT_BUNDLE_IDENTIFIER = "com.anthony-gufron.ChordJamUITests";
				PRODUCT_NAME = "$(TARGET_NAME)";
				SWIFT_EMIT_LOC_STRINGS = NO;
				SWIFT_VERSION = 5.0;
				TARGETED_DEVICE_FAMILY = "1,2";
				TEST_TARGET_NAME = ChordJam;
			};
			name = Debug;
		};
		A2B8E3472C1BDDDC008A0E5A /* Release */ = {
			isa = XCBuildConfiguration;
			buildSettings = {
				ALWAYS_EMBED_SWIFT_STANDARD_LIBRARIES = YES;
				CODE_SIGN_STYLE = Automatic;
				CURRENT_PROJECT_VERSION = 1;
				DEVELOPMENT_TEAM = FTP77G36XW;
				GENERATE_INFOPLIST_FILE = YES;
				MARKETING_VERSION = 1.0;
				PRODUCT_BUNDLE_IDENTIFIER = "com.anthony-gufron.ChordJamUITests";
				PRODUCT_NAME = "$(TARGET_NAME)";
				SWIFT_EMIT_LOC_STRINGS = NO;
				SWIFT_VERSION = 5.0;
				TARGETED_DEVICE_FAMILY = "1,2";
				TEST_TARGET_NAME = ChordJam;
			};
			name = Release;
		};
/* End XCBuildConfiguration section */

/* Begin XCConfigurationList section */
		A2B8E3162C1BDDDA008A0E5A /* Build configuration list for PBXProject "ChordJam" */ = {
			isa = XCConfigurationList;
			buildConfigurations = (
				A2B8E33D2C1BDDDC008A0E5A /* Debug */,
				A2B8E33E2C1BDDDC008A0E5A /* Release */,
			);
			defaultConfigurationIsVisible = 0;
			defaultConfigurationName = Release;
		};
		A2B8E33F2C1BDDDC008A0E5A /* Build configuration list for PBXNativeTarget "ChordJam" */ = {
			isa = XCConfigurationList;
			buildConfigurations = (
				A2B8E3402C1BDDDC008A0E5A /* Debug */,
				A2B8E3412C1BDDDC008A0E5A /* Release */,
			);
			defaultConfigurationIsVisible = 0;
			defaultConfigurationName = Release;
		};
		A2B8E3422C1BDDDC008A0E5A /* Build configuration list for PBXNativeTarget "ChordJamTests" */ = {
			isa = XCConfigurationList;
			buildConfigurations = (
				A2B8E3432C1BDDDC008A0E5A /* Debug */,
				A2B8E3442C1BDDDC008A0E5A /* Release */,
			);
			defaultConfigurationIsVisible = 0;
			defaultConfigurationName = Release;
		};
		A2B8E3452C1BDDDC008A0E5A /* Build configuration list for PBXNativeTarget "ChordJamUITests" */ = {
			isa = XCConfigurationList;
			buildConfigurations = (
				A2B8E3462C1BDDDC008A0E5A /* Debug */,
				A2B8E3472C1BDDDC008A0E5A /* Release */,
			);
			defaultConfigurationIsVisible = 0;
			defaultConfigurationName = Release;
		};
/* End XCConfigurationList section */
	};
	rootObject = A2B8E3132C1BDDDA008A0E5A /* Project object */;
}
